
Microsoft Visual Studio Solution File, Format Version 12.00
# Visual Studio 15
Project("{FAE04EC0-301F-11D3-BF4B-00C04F79EFBC}") = "Assembly-CSharp", "Assembly-CSharp.csproj", "{AFE85565-C252-081E-E2E3-7784E5F22552}"
EndProject
Global
	GlobalSection(SolutionConfigurationPlatforms) = preSolution
		Debug|Any CPU = Debug|Any CPU
		Release|Any CPU = Release|Any CPU
	EndGlobalSection
	GlobalSection(ProjectConfigurationPlatforms) = postSolution
		{AFE85565-C252-081E-E2E3-7784E5F22552}.Debug|Any CPU.ActiveCfg = Debug|Any CPU
		{AFE85565-C252-081E-E2E3-7784E5F22552}.Debug|Any CPU.Build.0 = Debug|Any CPU
		{AFE85565-C252-081E-E2E3-7784E5F22552}.Release|Any CPU.ActiveCfg = Release|Any CPU
		{AFE85565-C252-081E-E2E3-7784E5F22552}.Release|Any CPU.Build.0 = Release|Any CPU
	EndGlobalSection
	GlobalSection(SolutionProperties) = preSolution
		HideSolutionNode = FALSE
	EndGlobalSection
EndGlobal
